{
  "name": "ejercicio1",
  "version": "1.0.0",
  "lockfileVersion": 1,
  "requires": true,
  "dependencies": {
    "zodiac-signs": {
      "version": "1.1.0",
      "resolved": "https://pkgs.dev.azure.com/albatross-getnet/_packaging/albatross-artifacts/npm/registry/zodiac-signs/-/zodiac-signs-1.1.0.tgz",
      "integrity": "sha1-ZtFs6jsamvywcB8gm0KsdlOXTSA="
    }
  }
}
